# This file is automatically @generated by Cargo.
# It is not intended for manual editing.
version = 4

[[package]]
name = "jlreq"
version = "0.0.0"

[[package]]
name = "jlreq-class"
version = "0.0.0"

[[package]]
name = "jlreq-conform"
version = "0.0.0"

[[package]]
name = "jlreq-inline"
version = "0.0.0"

[[package]]
name = "jlreq-line"
version = "0.0.0"

[[package]]
name = "jlreq-spacing"
version = "0.0.0"

[[package]]
name = "jlreq-spec"
version = "0.0.0"

[[package]]
name = "jlreq-unit"
version = "0.0.0"

[[package]]
name = "xtask"
version = "0.0.0"
